schema: '2.0'
stages:
  data_preparation:
    cmd: python src/data_prep.py
    deps:
    - path: data/raw/online_retail.csv
      hash: md5
      md5: daa8af5b5d3b5cc329455082ba212e01
      size: 48039726
    - path: src/data_prep.py
      hash: md5
      md5: 56628fd374e268a250dc00c45d943845
      size: 3587
    outs:
    - path: data/processed/rfm_processed.csv
      hash: md5
      md5: 25321d3e0967a9f4352d1f349900b564
      size: 268012
  model_training:
    cmd: python src/train.py
    deps:
    - path: data/processed/rfm_processed.csv
      hash: md5
      md5: 25321d3e0967a9f4352d1f349900b564
      size: 268012
    - path: src/train.py
      hash: md5
      md5: 24e13a4f69a39dbcd04bbc47dc92e84c
      size: 756
    outs:
    - path: models/model.pkl
      hash: md5
      md5: 9b6c49b12dc85c9ac30645867032e1d0
      size: 44
