schema: '2.0'
stages:
  data_preparation:
    cmd: python src/data_prep.py
    deps:
    - path: data/raw/online_retail.csv
      hash: md5
      md5: b892492f3285e2e8490fa6467be88f0b
      size: 45038760
    - path: src/data_prep.py
      hash: md5
      md5: 427bd28eacf5b92027ddd516952a874c
      size: 396
    outs:
    - path: data/processed/rfm_processed.csv
      hash: md5
      md5: 6080f0184298b7b03f4b9225575fb118
      size: 57
  model_training:
    cmd: python src/train.py
    deps:
    - path: data/processed/rfm_processed.csv
      hash: md5
      md5: 6080f0184298b7b03f4b9225575fb118
      size: 57
    - path: src/train.py
      hash: md5
      md5: 508ccc23a45ccbdf11fca1c301d03aef
      size: 779
    outs:
    - path: models/model.pkl
      hash: md5
      md5: 9b6c49b12dc85c9ac30645867032e1d0
      size: 44
