schema: '2.0'
stages:
  data_preparation:
    cmd: python src/data_prep.py
    deps:
    - path: data/raw/online_retail.csv
      hash: md5
      md5: daa8af5b5d3b5cc329455082ba212e01
      size: 48039726
    - path: src/data_prep.py
      hash: md5
      md5: b6703518bb9b94b9e088ab68b73e11ed
      size: 4288
    outs:
    - path: data/processed/rfm_processed.csv
      hash: md5
      md5: e646dfc80d225428d9332dcade3e467f
      size: 276688
    - path: models/scaler.pkl
      hash: md5
      md5: 58add6437d5b2c285da1ef8c355a48a0
      size: 561
  model_training:
    cmd: python src/train.py
    deps:
    - path: data/processed/rfm_processed.csv
      hash: md5
      md5: e646dfc80d225428d9332dcade3e467f
      size: 276688
    - path: src/train.py
      hash: md5
      md5: 24e13a4f69a39dbcd04bbc47dc92e84c
      size: 756
    outs:
    - path: models/model.pkl
      hash: md5
      md5: 9b6c49b12dc85c9ac30645867032e1d0
      size: 44
